
Microsoft Visual Studio Solution File, Format Version 12.00
# Visual Studio Version 16
VisualStudioVersion = 16.0.30225.117
MinimumVisualStudioVersion = 10.0.40219.1
Project("{FAE04EC0-301F-11D3-BF4B-00C04F79EFBC}") = "PerformanceDashboard", "PerformanceDashboard\PerformanceDashboard.csproj", "{94035133-C55C-4238-9A2F-1C12D7A10204}"
EndProject
Project("{FAE04EC0-301F-11D3-BF4B-00C04F79EFBC}") = "PerformanceDashboard.Entity", "PerformanceDashboard.Entity\PerformanceDashboard.Entity.csproj", "{9F314BF8-C798-4EE3-B9B3-1D4E7F08465D}"
EndProject
Project("{930C7802-8A8C-48F9-8165-68863BCCD9DD}") = "PerformanceDashboard.Setup", "PerformanceDashboard.Setup\PerformanceDashboard.Setup.wixproj", "{E7AE6893-D08C-4E7A-8EF1-5946F1E5C028}"
EndProject
Project("{FAE04EC0-301F-11D3-BF4B-00C04F79EFBC}") = "PerformanceDashboard.Setup.CustomActions", "PerformanceDashboard.Setup.CustomActions\PerformanceDashboard.Setup.CustomActions.csproj", "{70559861-3FC9-4CFE-A72C-60D0E842E619}"
EndProject
Global
	GlobalSection(SolutionConfigurationPlatforms) = preSolution
		Debug|Any CPU = Debug|Any CPU
		Debug|x86 = Debug|x86
		Release|Any CPU = Release|Any CPU
		Release|x86 = Release|x86
	EndGlobalSection
	GlobalSection(ProjectConfigurationPlatforms) = postSolution
		{94035133-C55C-4238-9A2F-1C12D7A10204}.Debug|Any CPU.ActiveCfg = Debug|Any CPU
		{94035133-C55C-4238-9A2F-1C12D7A10204}.Debug|Any CPU.Build.0 = Debug|Any CPU
		{94035133-C55C-4238-9A2F-1C12D7A10204}.Debug|x86.ActiveCfg = Debug|Any CPU
		{94035133-C55C-4238-9A2F-1C12D7A10204}.Debug|x86.Build.0 = Debug|Any CPU
		{94035133-C55C-4238-9A2F-1C12D7A10204}.Release|Any CPU.ActiveCfg = Release|Any CPU
		{94035133-C55C-4238-9A2F-1C12D7A10204}.Release|Any CPU.Build.0 = Release|Any CPU
		{94035133-C55C-4238-9A2F-1C12D7A10204}.Release|x86.ActiveCfg = Release|Any CPU
		{94035133-C55C-4238-9A2F-1C12D7A10204}.Release|x86.Build.0 = Release|Any CPU
		{9F314BF8-C798-4EE3-B9B3-1D4E7F08465D}.Debug|Any CPU.ActiveCfg = Debug|Any CPU
		{9F314BF8-C798-4EE3-B9B3-1D4E7F08465D}.Debug|Any CPU.Build.0 = Debug|Any CPU
		{9F314BF8-C798-4EE3-B9B3-1D4E7F08465D}.Debug|x86.ActiveCfg = Debug|Any CPU
		{9F314BF8-C798-4EE3-B9B3-1D4E7F08465D}.Debug|x86.Build.0 = Debug|Any CPU
		{9F314BF8-C798-4EE3-B9B3-1D4E7F08465D}.Release|Any CPU.ActiveCfg = Release|Any CPU
		{9F314BF8-C798-4EE3-B9B3-1D4E7F08465D}.Release|Any CPU.Build.0 = Release|Any CPU
		{9F314BF8-C798-4EE3-B9B3-1D4E7F08465D}.Release|x86.ActiveCfg = Release|Any CPU
		{9F314BF8-C798-4EE3-B9B3-1D4E7F08465D}.Release|x86.Build.0 = Release|Any CPU
		{E7AE6893-D08C-4E7A-8EF1-5946F1E5C028}.Debug|Any CPU.ActiveCfg = Debug|x86
		{E7AE6893-D08C-4E7A-8EF1-5946F1E5C028}.Debug|x86.ActiveCfg = Debug|x86
		{E7AE6893-D08C-4E7A-8EF1-5946F1E5C028}.Debug|x86.Build.0 = Debug|x86
		{E7AE6893-D08C-4E7A-8EF1-5946F1E5C028}.Release|Any CPU.ActiveCfg = Release|x86
		{E7AE6893-D08C-4E7A-8EF1-5946F1E5C028}.Release|x86.ActiveCfg = Release|x86
		{E7AE6893-D08C-4E7A-8EF1-5946F1E5C028}.Release|x86.Build.0 = Release|x86
		{70559861-3FC9-4CFE-A72C-60D0E842E619}.Debug|Any CPU.ActiveCfg = Debug|x86
		{70559861-3FC9-4CFE-A72C-60D0E842E619}.Debug|x86.ActiveCfg = Debug|x86
		{70559861-3FC9-4CFE-A72C-60D0E842E619}.Debug|x86.Build.0 = Debug|x86
		{70559861-3FC9-4CFE-A72C-60D0E842E619}.Release|Any CPU.ActiveCfg = Release|x86
		{70559861-3FC9-4CFE-A72C-60D0E842E619}.Release|x86.ActiveCfg = Release|x86
		{70559861-3FC9-4CFE-A72C-60D0E842E619}.Release|x86.Build.0 = Release|x86
	EndGlobalSection
	GlobalSection(SolutionProperties) = preSolution
		HideSolutionNode = FALSE
	EndGlobalSection
	GlobalSection(ExtensibilityGlobals) = postSolution
		SolutionGuid = {69B179E8-2F24-41E7-B2EB-E7C20F8F9DC7}
	EndGlobalSection
EndGlobal
